
Microsoft Visual Studio Solution File, Format Version 11.00
# Visual Studio 2010
Project("{8BC9CEB8-8B4A-11D0-8D11-00A0C91BC942}") = "tinyXmlTest", "tinyXmlTest.vcxproj", "{34719950-09E8-457E-BE23-8F1CE3A1F1F6}"
EndProject
Project("{8BC9CEB8-8B4A-11D0-8D11-00A0C91BC942}") = "ybk2", "..\ybk2\ybk2\ybk2.vcxproj", "{AF83E898-FFCB-4F46-852C-82E4DC508D15}"
EndProject
Project("{8BC9CEB8-8B4A-11D0-8D11-00A0C91BC942}") = "tinyxml", "tinyxml_lib.vcxproj", "{C406DAEC-0886-4771-8DEA-9D7329B46CC1}"
EndProject
Project("{8BC9CEB8-8B4A-11D0-8D11-00A0C91BC942}") = "test", "..\test\test.vcxproj", "{D2ED7F88-3493-48C1-A5FF-1F86ADC0112B}"
EndProject
Project("{8BC9CEB8-8B4A-11D0-8D11-00A0C91BC942}") = "afanti", "..\afanti\afanti\afanti.vcxproj", "{19ECB765-F121-4930-A797-717D25FDDE22}"
EndProject
Project("{8BC9CEB8-8B4A-11D0-8D11-00A0C91BC942}") = "zhongwen", "..\zhongwen\zhongwen\zhongwen.vcxproj", "{94FD5B77-F8A7-4FC9-9AAB-C4FB2EB2F56F}"
EndProject
Global
	GlobalSection(SolutionConfigurationPlatforms) = preSolution
		Debug|Win32 = Debug|Win32
		Release|Win32 = Release|Win32
	EndGlobalSection
	GlobalSection(ProjectConfigurationPlatforms) = postSolution
		{34719950-09E8-457E-BE23-8F1CE3A1F1F6}.Debug|Win32.ActiveCfg = Debug|Win32
		{34719950-09E8-457E-BE23-8F1CE3A1F1F6}.Debug|Win32.Build.0 = Debug|Win32
		{34719950-09E8-457E-BE23-8F1CE3A1F1F6}.Release|Win32.ActiveCfg = Release|Win32
		{34719950-09E8-457E-BE23-8F1CE3A1F1F6}.Release|Win32.Build.0 = Release|Win32
		{AF83E898-FFCB-4F46-852C-82E4DC508D15}.Debug|Win32.ActiveCfg = Debug|Win32
		{AF83E898-FFCB-4F46-852C-82E4DC508D15}.Debug|Win32.Build.0 = Debug|Win32
		{AF83E898-FFCB-4F46-852C-82E4DC508D15}.Release|Win32.ActiveCfg = Release|Win32
		{AF83E898-FFCB-4F46-852C-82E4DC508D15}.Release|Win32.Build.0 = Release|Win32
		{C406DAEC-0886-4771-8DEA-9D7329B46CC1}.Debug|Win32.ActiveCfg = Debug|Win32
		{C406DAEC-0886-4771-8DEA-9D7329B46CC1}.Debug|Win32.Build.0 = Debug|Win32
		{C406DAEC-0886-4771-8DEA-9D7329B46CC1}.Release|Win32.ActiveCfg = Release|Win32
		{C406DAEC-0886-4771-8DEA-9D7329B46CC1}.Release|Win32.Build.0 = Release|Win32
		{D2ED7F88-3493-48C1-A5FF-1F86ADC0112B}.Debug|Win32.ActiveCfg = Debug|Win32
		{D2ED7F88-3493-48C1-A5FF-1F86ADC0112B}.Debug|Win32.Build.0 = Debug|Win32
		{D2ED7F88-3493-48C1-A5FF-1F86ADC0112B}.Release|Win32.ActiveCfg = Release|Win32
		{D2ED7F88-3493-48C1-A5FF-1F86ADC0112B}.Release|Win32.Build.0 = Release|Win32
		{19ECB765-F121-4930-A797-717D25FDDE22}.Debug|Win32.ActiveCfg = Debug|Win32
		{19ECB765-F121-4930-A797-717D25FDDE22}.Debug|Win32.Build.0 = Debug|Win32
		{19ECB765-F121-4930-A797-717D25FDDE22}.Release|Win32.ActiveCfg = Release|Win32
		{19ECB765-F121-4930-A797-717D25FDDE22}.Release|Win32.Build.0 = Release|Win32
		{94FD5B77-F8A7-4FC9-9AAB-C4FB2EB2F56F}.Debug|Win32.ActiveCfg = Debug|Win32
		{94FD5B77-F8A7-4FC9-9AAB-C4FB2EB2F56F}.Debug|Win32.Build.0 = Debug|Win32
		{94FD5B77-F8A7-4FC9-9AAB-C4FB2EB2F56F}.Release|Win32.ActiveCfg = Release|Win32
		{94FD5B77-F8A7-4FC9-9AAB-C4FB2EB2F56F}.Release|Win32.Build.0 = Release|Win32
	EndGlobalSection
	GlobalSection(SolutionProperties) = preSolution
		HideSolutionNode = FALSE
	EndGlobalSection
EndGlobal
