
Microsoft Visual Studio Solution File, Format Version 11.00
# Visual Studio 2010
Project("{8BC9CEB8-8B4A-11D0-8D11-00A0C91BC942}") = "tinyXmlTest", "tinyXmlTest.vcxproj", "{34719950-09E8-457E-BE23-8F1CE3A1F1F6}"
EndProject
Project("{8BC9CEB8-8B4A-11D0-8D11-00A0C91BC942}") = "ybk2", "..\ybk2\ybk2\ybk2.vcxproj", "{AF83E898-FFCB-4F46-852C-82E4DC508D15}"
EndProject
Project("{8BC9CEB8-8B4A-11D0-8D11-00A0C91BC942}") = "tinyxml", "tinyxml_lib.vcxproj", "{C406DAEC-0886-4771-8DEA-9D7329B46CC1}"
EndProject
Project("{8BC9CEB8-8B4A-11D0-8D11-00A0C91BC942}") = "afanti", "..\afanti\afanti\afanti.vcxproj", "{19ECB765-F121-4930-A797-717D25FDDE22}"
EndProject
Project("{8BC9CEB8-8B4A-11D0-8D11-00A0C91BC942}") = "zhongwen", "..\zhongwen\zhongwen\zhongwen.vcxproj", "{94FD5B77-F8A7-4FC9-9AAB-C4FB2EB2F56F}"
EndProject
Project("{8BC9CEB8-8B4A-11D0-8D11-00A0C91BC942}") = "hebei", "..\hebei\hebei\hebei.vcxproj", "{2D3B5DBD-68BD-42B1-B21F-4A7D9D090E83}"
EndProject
Project("{8BC9CEB8-8B4A-11D0-8D11-00A0C91BC942}") = "shangwen", "..\shangwen\shangwen\shangwen.vcxproj", "{28A02DE0-262E-4C4D-8582-9D55A5224EC2}"
EndProject
Project("{8BC9CEB8-8B4A-11D0-8D11-00A0C91BC942}") = "shangwen2", "..\shangwen2\shangwen2\shangwen2.vcxproj", "{AE840D5D-C54D-4ECD-80FB-93AC7C09E8E7}"
EndProject
Project("{8BC9CEB8-8B4A-11D0-8D11-00A0C91BC942}") = "testlist", "..\testlist\testlist\testlist.vcxproj", "{507B42C4-F742-46D3-80DB-891E7CAB623E}"
EndProject
Project("{8BC9CEB8-8B4A-11D0-8D11-00A0C91BC942}") = "ybk", "..\ybk\ybk\ybk.vcxproj", "{DF876F4B-21E4-4F73-8F2B-019467CD7B17}"
EndProject
Project("{8BC9CEB8-8B4A-11D0-8D11-00A0C91BC942}") = "DvrConfig", "..\..\DvrConfig\DvrConfig.vcxproj", "{2FE4FBA5-8542-FC49-26A4-C7BE8A59574F}"
EndProject
Global
	GlobalSection(SolutionConfigurationPlatforms) = preSolution
		Debug|Win32 = Debug|Win32
		Release|Win32 = Release|Win32
		Template|Win32 = Template|Win32
	EndGlobalSection
	GlobalSection(ProjectConfigurationPlatforms) = postSolution
		{34719950-09E8-457E-BE23-8F1CE3A1F1F6}.Debug|Win32.ActiveCfg = Debug|Win32
		{34719950-09E8-457E-BE23-8F1CE3A1F1F6}.Debug|Win32.Build.0 = Debug|Win32
		{34719950-09E8-457E-BE23-8F1CE3A1F1F6}.Release|Win32.ActiveCfg = Release|Win32
		{34719950-09E8-457E-BE23-8F1CE3A1F1F6}.Release|Win32.Build.0 = Release|Win32
		{34719950-09E8-457E-BE23-8F1CE3A1F1F6}.Template|Win32.ActiveCfg = Release|Win32
		{34719950-09E8-457E-BE23-8F1CE3A1F1F6}.Template|Win32.Build.0 = Release|Win32
		{AF83E898-FFCB-4F46-852C-82E4DC508D15}.Debug|Win32.ActiveCfg = Debug|Win32
		{AF83E898-FFCB-4F46-852C-82E4DC508D15}.Debug|Win32.Build.0 = Debug|Win32
		{AF83E898-FFCB-4F46-852C-82E4DC508D15}.Release|Win32.ActiveCfg = Release|Win32
		{AF83E898-FFCB-4F46-852C-82E4DC508D15}.Release|Win32.Build.0 = Release|Win32
		{AF83E898-FFCB-4F46-852C-82E4DC508D15}.Template|Win32.ActiveCfg = Release|Win32
		{AF83E898-FFCB-4F46-852C-82E4DC508D15}.Template|Win32.Build.0 = Release|Win32
		{C406DAEC-0886-4771-8DEA-9D7329B46CC1}.Debug|Win32.ActiveCfg = Debug|Win32
		{C406DAEC-0886-4771-8DEA-9D7329B46CC1}.Debug|Win32.Build.0 = Debug|Win32
		{C406DAEC-0886-4771-8DEA-9D7329B46CC1}.Release|Win32.ActiveCfg = Release|Win32
		{C406DAEC-0886-4771-8DEA-9D7329B46CC1}.Release|Win32.Build.0 = Release|Win32
		{C406DAEC-0886-4771-8DEA-9D7329B46CC1}.Template|Win32.ActiveCfg = Release|Win32
		{C406DAEC-0886-4771-8DEA-9D7329B46CC1}.Template|Win32.Build.0 = Release|Win32
		{19ECB765-F121-4930-A797-717D25FDDE22}.Debug|Win32.ActiveCfg = Debug|Win32
		{19ECB765-F121-4930-A797-717D25FDDE22}.Debug|Win32.Build.0 = Debug|Win32
		{19ECB765-F121-4930-A797-717D25FDDE22}.Release|Win32.ActiveCfg = Release|Win32
		{19ECB765-F121-4930-A797-717D25FDDE22}.Release|Win32.Build.0 = Release|Win32
		{19ECB765-F121-4930-A797-717D25FDDE22}.Template|Win32.ActiveCfg = Release|Win32
		{19ECB765-F121-4930-A797-717D25FDDE22}.Template|Win32.Build.0 = Release|Win32
		{94FD5B77-F8A7-4FC9-9AAB-C4FB2EB2F56F}.Debug|Win32.ActiveCfg = Debug|Win32
		{94FD5B77-F8A7-4FC9-9AAB-C4FB2EB2F56F}.Debug|Win32.Build.0 = Debug|Win32
		{94FD5B77-F8A7-4FC9-9AAB-C4FB2EB2F56F}.Release|Win32.ActiveCfg = Release|Win32
		{94FD5B77-F8A7-4FC9-9AAB-C4FB2EB2F56F}.Release|Win32.Build.0 = Release|Win32
		{94FD5B77-F8A7-4FC9-9AAB-C4FB2EB2F56F}.Template|Win32.ActiveCfg = Release|Win32
		{94FD5B77-F8A7-4FC9-9AAB-C4FB2EB2F56F}.Template|Win32.Build.0 = Release|Win32
		{2D3B5DBD-68BD-42B1-B21F-4A7D9D090E83}.Debug|Win32.ActiveCfg = Debug|Win32
		{2D3B5DBD-68BD-42B1-B21F-4A7D9D090E83}.Debug|Win32.Build.0 = Debug|Win32
		{2D3B5DBD-68BD-42B1-B21F-4A7D9D090E83}.Release|Win32.ActiveCfg = Release|Win32
		{2D3B5DBD-68BD-42B1-B21F-4A7D9D090E83}.Release|Win32.Build.0 = Release|Win32
		{2D3B5DBD-68BD-42B1-B21F-4A7D9D090E83}.Template|Win32.ActiveCfg = Release|Win32
		{2D3B5DBD-68BD-42B1-B21F-4A7D9D090E83}.Template|Win32.Build.0 = Release|Win32
		{28A02DE0-262E-4C4D-8582-9D55A5224EC2}.Debug|Win32.ActiveCfg = Debug|Win32
		{28A02DE0-262E-4C4D-8582-9D55A5224EC2}.Debug|Win32.Build.0 = Debug|Win32
		{28A02DE0-262E-4C4D-8582-9D55A5224EC2}.Release|Win32.ActiveCfg = Release|Win32
		{28A02DE0-262E-4C4D-8582-9D55A5224EC2}.Release|Win32.Build.0 = Release|Win32
		{28A02DE0-262E-4C4D-8582-9D55A5224EC2}.Template|Win32.ActiveCfg = Release|Win32
		{28A02DE0-262E-4C4D-8582-9D55A5224EC2}.Template|Win32.Build.0 = Release|Win32
		{AE840D5D-C54D-4ECD-80FB-93AC7C09E8E7}.Debug|Win32.ActiveCfg = Debug|Win32
		{AE840D5D-C54D-4ECD-80FB-93AC7C09E8E7}.Debug|Win32.Build.0 = Debug|Win32
		{AE840D5D-C54D-4ECD-80FB-93AC7C09E8E7}.Release|Win32.ActiveCfg = Release|Win32
		{AE840D5D-C54D-4ECD-80FB-93AC7C09E8E7}.Release|Win32.Build.0 = Release|Win32
		{AE840D5D-C54D-4ECD-80FB-93AC7C09E8E7}.Template|Win32.ActiveCfg = Release|Win32
		{AE840D5D-C54D-4ECD-80FB-93AC7C09E8E7}.Template|Win32.Build.0 = Release|Win32
		{507B42C4-F742-46D3-80DB-891E7CAB623E}.Debug|Win32.ActiveCfg = Debug|Win32
		{507B42C4-F742-46D3-80DB-891E7CAB623E}.Debug|Win32.Build.0 = Debug|Win32
		{507B42C4-F742-46D3-80DB-891E7CAB623E}.Release|Win32.ActiveCfg = Release|Win32
		{507B42C4-F742-46D3-80DB-891E7CAB623E}.Release|Win32.Build.0 = Release|Win32
		{507B42C4-F742-46D3-80DB-891E7CAB623E}.Template|Win32.ActiveCfg = Release|Win32
		{507B42C4-F742-46D3-80DB-891E7CAB623E}.Template|Win32.Build.0 = Release|Win32
		{DF876F4B-21E4-4F73-8F2B-019467CD7B17}.Debug|Win32.ActiveCfg = Debug|Win32
		{DF876F4B-21E4-4F73-8F2B-019467CD7B17}.Debug|Win32.Build.0 = Debug|Win32
		{DF876F4B-21E4-4F73-8F2B-019467CD7B17}.Release|Win32.ActiveCfg = Release|Win32
		{DF876F4B-21E4-4F73-8F2B-019467CD7B17}.Release|Win32.Build.0 = Release|Win32
		{DF876F4B-21E4-4F73-8F2B-019467CD7B17}.Template|Win32.ActiveCfg = Release|Win32
		{DF876F4B-21E4-4F73-8F2B-019467CD7B17}.Template|Win32.Build.0 = Release|Win32
		{2FE4FBA5-8542-FC49-26A4-C7BE8A59574F}.Debug|Win32.ActiveCfg = Debug|Win32
		{2FE4FBA5-8542-FC49-26A4-C7BE8A59574F}.Debug|Win32.Build.0 = Debug|Win32
		{2FE4FBA5-8542-FC49-26A4-C7BE8A59574F}.Release|Win32.ActiveCfg = Release|Win32
		{2FE4FBA5-8542-FC49-26A4-C7BE8A59574F}.Release|Win32.Build.0 = Release|Win32
		{2FE4FBA5-8542-FC49-26A4-C7BE8A59574F}.Template|Win32.ActiveCfg = Release|Win32
		{2FE4FBA5-8542-FC49-26A4-C7BE8A59574F}.Template|Win32.Build.0 = Release|Win32
	EndGlobalSection
	GlobalSection(SolutionProperties) = preSolution
		HideSolutionNode = FALSE
	EndGlobalSection
EndGlobal
